
Microsoft Visual Studio Solution File, Format Version 12.00
# Visual Studio 15
VisualStudioVersion = 15.0.28307.106
MinimumVisualStudioVersion = 10.0.40219.1
Project("{8BC9CEB8-8B4A-11D0-8D11-00A0C91BC942}") = "Aufg.1", "OOS_HA1\OOS_HA1.vcxproj", "{0BAB0CC8-1B1B-4573-8711-9D5FA348B799}"
EndProject
Project("{8BC9CEB8-8B4A-11D0-8D11-00A0C91BC942}") = "Aufg.2", "Aufg.2\Aufg.2.vcxproj", "{23FE8E4B-A90B-43E5-B68B-32EF5CDBB95F}"
EndProject
Project("{8BC9CEB8-8B4A-11D0-8D11-00A0C91BC942}") = "Aufg.2a", "Aufg.2a\Aufg.2a.vcxproj", "{4B8029B2-D0BC-41B1-8287-863751835689}"
EndProject
Project("{8BC9CEB8-8B4A-11D0-8D11-00A0C91BC942}") = "Aufg.3", "Aufg.3\Aufg.3.vcxproj", "{E69407FE-4885-4F11-81EF-5F7BB914F553}"
EndProject
Project("{8BC9CEB8-8B4A-11D0-8D11-00A0C91BC942}") = "Aufg.4", "Aufg.4\Aufg.4.vcxproj", "{140879EC-AF58-411C-ACE0-CCA0CBFA1C2A}"
EndProject
Project("{8BC9CEB8-8B4A-11D0-8D11-00A0C91BC942}") = "Aufg.5", "Aufg.5\Aufg.5.vcxproj", "{A7BEC752-F3BC-4648-AE67-E8EC9F83740F}"
EndProject
Project("{8BC9CEB8-8B4A-11D0-8D11-00A0C91BC942}") = "Aufg.6", "Aufg.6\Aufg.6.vcxproj", "{4E772988-7713-445C-92FE-7A1D8AEF2A65}"
EndProject
Project("{8BC9CEB8-8B4A-11D0-8D11-00A0C91BC942}") = "Aufg.7", "Aufg.7\Aufg.7.vcxproj", "{311A3EFD-1402-47EC-9B7E-2BE66E54F189}"
EndProject
Project("{8BC9CEB8-8B4A-11D0-8D11-00A0C91BC942}") = "Aufg.8", "Aufg.8\Aufg.8.vcxproj", "{42104E58-1E37-48DE-96D3-6138131CBBFB}"
EndProject
Project("{8BC9CEB8-8B4A-11D0-8D11-00A0C91BC942}") = "Aufg.9", "Aufg.9\Aufg.9.vcxproj", "{9EC80EAB-75E2-441F-B739-C764F63FD66B}"
EndProject
Global
	GlobalSection(SolutionConfigurationPlatforms) = preSolution
		Debug|x64 = Debug|x64
		Debug|x86 = Debug|x86
		Release|x64 = Release|x64
		Release|x86 = Release|x86
	EndGlobalSection
	GlobalSection(ProjectConfigurationPlatforms) = postSolution
		{0BAB0CC8-1B1B-4573-8711-9D5FA348B799}.Debug|x64.ActiveCfg = Debug|x64
		{0BAB0CC8-1B1B-4573-8711-9D5FA348B799}.Debug|x64.Build.0 = Debug|x64
		{0BAB0CC8-1B1B-4573-8711-9D5FA348B799}.Debug|x86.ActiveCfg = Debug|Win32
		{0BAB0CC8-1B1B-4573-8711-9D5FA348B799}.Debug|x86.Build.0 = Debug|Win32
		{0BAB0CC8-1B1B-4573-8711-9D5FA348B799}.Release|x64.ActiveCfg = Release|x64
		{0BAB0CC8-1B1B-4573-8711-9D5FA348B799}.Release|x64.Build.0 = Release|x64
		{0BAB0CC8-1B1B-4573-8711-9D5FA348B799}.Release|x86.ActiveCfg = Release|Win32
		{0BAB0CC8-1B1B-4573-8711-9D5FA348B799}.Release|x86.Build.0 = Release|Win32
		{23FE8E4B-A90B-43E5-B68B-32EF5CDBB95F}.Debug|x64.ActiveCfg = Debug|x64
		{23FE8E4B-A90B-43E5-B68B-32EF5CDBB95F}.Debug|x64.Build.0 = Debug|x64
		{23FE8E4B-A90B-43E5-B68B-32EF5CDBB95F}.Debug|x86.ActiveCfg = Debug|Win32
		{23FE8E4B-A90B-43E5-B68B-32EF5CDBB95F}.Debug|x86.Build.0 = Debug|Win32
		{23FE8E4B-A90B-43E5-B68B-32EF5CDBB95F}.Release|x64.ActiveCfg = Release|x64
		{23FE8E4B-A90B-43E5-B68B-32EF5CDBB95F}.Release|x64.Build.0 = Release|x64
		{23FE8E4B-A90B-43E5-B68B-32EF5CDBB95F}.Release|x86.ActiveCfg = Release|Win32
		{23FE8E4B-A90B-43E5-B68B-32EF5CDBB95F}.Release|x86.Build.0 = Release|Win32
		{4B8029B2-D0BC-41B1-8287-863751835689}.Debug|x64.ActiveCfg = Debug|x64
		{4B8029B2-D0BC-41B1-8287-863751835689}.Debug|x64.Build.0 = Debug|x64
		{4B8029B2-D0BC-41B1-8287-863751835689}.Debug|x86.ActiveCfg = Debug|Win32
		{4B8029B2-D0BC-41B1-8287-863751835689}.Debug|x86.Build.0 = Debug|Win32
		{4B8029B2-D0BC-41B1-8287-863751835689}.Release|x64.ActiveCfg = Release|x64
		{4B8029B2-D0BC-41B1-8287-863751835689}.Release|x64.Build.0 = Release|x64
		{4B8029B2-D0BC-41B1-8287-863751835689}.Release|x86.ActiveCfg = Release|Win32
		{4B8029B2-D0BC-41B1-8287-863751835689}.Release|x86.Build.0 = Release|Win32
		{E69407FE-4885-4F11-81EF-5F7BB914F553}.Debug|x64.ActiveCfg = Debug|x64
		{E69407FE-4885-4F11-81EF-5F7BB914F553}.Debug|x64.Build.0 = Debug|x64
		{E69407FE-4885-4F11-81EF-5F7BB914F553}.Debug|x86.ActiveCfg = Debug|Win32
		{E69407FE-4885-4F11-81EF-5F7BB914F553}.Debug|x86.Build.0 = Debug|Win32
		{E69407FE-4885-4F11-81EF-5F7BB914F553}.Release|x64.ActiveCfg = Release|x64
		{E69407FE-4885-4F11-81EF-5F7BB914F553}.Release|x64.Build.0 = Release|x64
		{E69407FE-4885-4F11-81EF-5F7BB914F553}.Release|x86.ActiveCfg = Release|Win32
		{E69407FE-4885-4F11-81EF-5F7BB914F553}.Release|x86.Build.0 = Release|Win32
		{140879EC-AF58-411C-ACE0-CCA0CBFA1C2A}.Debug|x64.ActiveCfg = Debug|x64
		{140879EC-AF58-411C-ACE0-CCA0CBFA1C2A}.Debug|x64.Build.0 = Debug|x64
		{140879EC-AF58-411C-ACE0-CCA0CBFA1C2A}.Debug|x86.ActiveCfg = Debug|Win32
		{140879EC-AF58-411C-ACE0-CCA0CBFA1C2A}.Debug|x86.Build.0 = Debug|Win32
		{140879EC-AF58-411C-ACE0-CCA0CBFA1C2A}.Release|x64.ActiveCfg = Release|x64
		{140879EC-AF58-411C-ACE0-CCA0CBFA1C2A}.Release|x64.Build.0 = Release|x64
		{140879EC-AF58-411C-ACE0-CCA0CBFA1C2A}.Release|x86.ActiveCfg = Release|Win32
		{140879EC-AF58-411C-ACE0-CCA0CBFA1C2A}.Release|x86.Build.0 = Release|Win32
		{A7BEC752-F3BC-4648-AE67-E8EC9F83740F}.Debug|x64.ActiveCfg = Debug|x64
		{A7BEC752-F3BC-4648-AE67-E8EC9F83740F}.Debug|x64.Build.0 = Debug|x64
		{A7BEC752-F3BC-4648-AE67-E8EC9F83740F}.Debug|x86.ActiveCfg = Debug|Win32
		{A7BEC752-F3BC-4648-AE67-E8EC9F83740F}.Debug|x86.Build.0 = Debug|Win32
		{A7BEC752-F3BC-4648-AE67-E8EC9F83740F}.Release|x64.ActiveCfg = Release|x64
		{A7BEC752-F3BC-4648-AE67-E8EC9F83740F}.Release|x64.Build.0 = Release|x64
		{A7BEC752-F3BC-4648-AE67-E8EC9F83740F}.Release|x86.ActiveCfg = Release|Win32
		{A7BEC752-F3BC-4648-AE67-E8EC9F83740F}.Release|x86.Build.0 = Release|Win32
		{4E772988-7713-445C-92FE-7A1D8AEF2A65}.Debug|x64.ActiveCfg = Debug|x64
		{4E772988-7713-445C-92FE-7A1D8AEF2A65}.Debug|x64.Build.0 = Debug|x64
		{4E772988-7713-445C-92FE-7A1D8AEF2A65}.Debug|x86.ActiveCfg = Debug|Win32
		{4E772988-7713-445C-92FE-7A1D8AEF2A65}.Debug|x86.Build.0 = Debug|Win32
		{4E772988-7713-445C-92FE-7A1D8AEF2A65}.Release|x64.ActiveCfg = Release|x64
		{4E772988-7713-445C-92FE-7A1D8AEF2A65}.Release|x64.Build.0 = Release|x64
		{4E772988-7713-445C-92FE-7A1D8AEF2A65}.Release|x86.ActiveCfg = Release|Win32
		{4E772988-7713-445C-92FE-7A1D8AEF2A65}.Release|x86.Build.0 = Release|Win32
		{311A3EFD-1402-47EC-9B7E-2BE66E54F189}.Debug|x64.ActiveCfg = Debug|x64
		{311A3EFD-1402-47EC-9B7E-2BE66E54F189}.Debug|x64.Build.0 = Debug|x64
		{311A3EFD-1402-47EC-9B7E-2BE66E54F189}.Debug|x86.ActiveCfg = Debug|Win32
		{311A3EFD-1402-47EC-9B7E-2BE66E54F189}.Debug|x86.Build.0 = Debug|Win32
		{311A3EFD-1402-47EC-9B7E-2BE66E54F189}.Release|x64.ActiveCfg = Release|x64
		{311A3EFD-1402-47EC-9B7E-2BE66E54F189}.Release|x64.Build.0 = Release|x64
		{311A3EFD-1402-47EC-9B7E-2BE66E54F189}.Release|x86.ActiveCfg = Release|Win32
		{311A3EFD-1402-47EC-9B7E-2BE66E54F189}.Release|x86.Build.0 = Release|Win32
		{42104E58-1E37-48DE-96D3-6138131CBBFB}.Debug|x64.ActiveCfg = Debug|x64
		{42104E58-1E37-48DE-96D3-6138131CBBFB}.Debug|x64.Build.0 = Debug|x64
		{42104E58-1E37-48DE-96D3-6138131CBBFB}.Debug|x86.ActiveCfg = Debug|Win32
		{42104E58-1E37-48DE-96D3-6138131CBBFB}.Debug|x86.Build.0 = Debug|Win32
		{42104E58-1E37-48DE-96D3-6138131CBBFB}.Release|x64.ActiveCfg = Release|x64
		{42104E58-1E37-48DE-96D3-6138131CBBFB}.Release|x64.Build.0 = Release|x64
		{42104E58-1E37-48DE-96D3-6138131CBBFB}.Release|x86.ActiveCfg = Release|Win32
		{42104E58-1E37-48DE-96D3-6138131CBBFB}.Release|x86.Build.0 = Release|Win32
		{9EC80EAB-75E2-441F-B739-C764F63FD66B}.Debug|x64.ActiveCfg = Debug|x64
		{9EC80EAB-75E2-441F-B739-C764F63FD66B}.Debug|x64.Build.0 = Debug|x64
		{9EC80EAB-75E2-441F-B739-C764F63FD66B}.Debug|x86.ActiveCfg = Debug|Win32
		{9EC80EAB-75E2-441F-B739-C764F63FD66B}.Debug|x86.Build.0 = Debug|Win32
		{9EC80EAB-75E2-441F-B739-C764F63FD66B}.Release|x64.ActiveCfg = Release|x64
		{9EC80EAB-75E2-441F-B739-C764F63FD66B}.Release|x64.Build.0 = Release|x64
		{9EC80EAB-75E2-441F-B739-C764F63FD66B}.Release|x86.ActiveCfg = Release|Win32
		{9EC80EAB-75E2-441F-B739-C764F63FD66B}.Release|x86.Build.0 = Release|Win32
	EndGlobalSection
	GlobalSection(SolutionProperties) = preSolution
		HideSolutionNode = FALSE
	EndGlobalSection
	GlobalSection(ExtensibilityGlobals) = postSolution
		SolutionGuid = {72728A11-C09A-41D4-8BA5-397F8BC5A77A}
	EndGlobalSection
EndGlobal
